
Microsoft Visual Studio Solution File, Format Version 12.00
# Visual Studio Version 17
VisualStudioVersion = 17.5.002.0
MinimumVisualStudioVersion = 10.0.40219.1
Project("{9A19103F-16F7-4668-BE54-9A1E7A4F7556}") = "backend", "backend.csproj", "{45AEDB09-75EF-4DD0-8A92-C2F81DC2EC08}"
EndProject
Global
	GlobalSection(SolutionConfigurationPlatforms) = preSolution
		Debug|Any CPU = Debug|Any CPU
		Release|Any CPU = Release|Any CPU
	EndGlobalSection
	GlobalSection(ProjectConfigurationPlatforms) = postSolution
		{45AEDB09-75EF-4DD0-8A92-C2F81DC2EC08}.Debug|Any CPU.ActiveCfg = Debug|Any CPU
		{45AEDB09-75EF-4DD0-8A92-C2F81DC2EC08}.Debug|Any CPU.Build.0 = Debug|Any CPU
		{45AEDB09-75EF-4DD0-8A92-C2F81DC2EC08}.Release|Any CPU.ActiveCfg = Release|Any CPU
		{45AEDB09-75EF-4DD0-8A92-C2F81DC2EC08}.Release|Any CPU.Build.0 = Release|Any CPU
	EndGlobalSection
	GlobalSection(SolutionProperties) = preSolution
		HideSolutionNode = FALSE
	EndGlobalSection
	GlobalSection(ExtensibilityGlobals) = postSolution
		SolutionGuid = {2B1C6A87-5E60-4357-BB76-55EE41C1037E}
	EndGlobalSection
EndGlobal
